
Microsoft Visual Studio Solution File, Format Version 12.00
# Visual Studio Version 16
VisualStudioVersion = 16.0.29215.179
MinimumVisualStudioVersion = 10.0.40219.1
Project("{FAE04EC0-301F-11D3-BF4B-00C04F79EFBC}") = "4_9_Task1", "4_9_Task1\4_9_Task1.csproj", "{EDD15322-EC0E-4366-8206-BB2664893C3F}"
EndProject
Global
	GlobalSection(SolutionConfigurationPlatforms) = preSolution
		Debug|Any CPU = Debug|Any CPU
		Release|Any CPU = Release|Any CPU
	EndGlobalSection
	GlobalSection(ProjectConfigurationPlatforms) = postSolution
		{EDD15322-EC0E-4366-8206-BB2664893C3F}.Debug|Any CPU.ActiveCfg = Debug|Any CPU
		{EDD15322-EC0E-4366-8206-BB2664893C3F}.Debug|Any CPU.Build.0 = Debug|Any CPU
		{EDD15322-EC0E-4366-8206-BB2664893C3F}.Release|Any CPU.ActiveCfg = Release|Any CPU
		{EDD15322-EC0E-4366-8206-BB2664893C3F}.Release|Any CPU.Build.0 = Release|Any CPU
	EndGlobalSection
	GlobalSection(SolutionProperties) = preSolution
		HideSolutionNode = FALSE
	EndGlobalSection
	GlobalSection(ExtensibilityGlobals) = postSolution
		SolutionGuid = {9859CD47-09FA-4732-B941-6940CF47CB83}
	EndGlobalSection
EndGlobal
